// !$*UTF8*$!
{
	archiveVersion = 1;
	classes = {
	};
	objectVersion = 50;
	objects = {

/* Begin PBXBuildFile section */
		324DCFFB274AD6DF0076A473 /* AppDelegate.swift in Sources */ = {isa = PBXBuildFile; fileRef = 324DCFFA274AD6DF0076A473 /* AppDelegate.swift */; };
		324DCFFD274AD6DF0076A473 /* SceneDelegate.swift in Sources */ = {isa = PBXBuildFile; fileRef = 324DCFFC274AD6DF0076A473 /* SceneDelegate.swift */; };
		324DCFFF274AD6DF0076A473 /* ViewController.swift in Sources */ = {isa = PBXBuildFile; fileRef = 324DCFFE274AD6DF0076A473 /* ViewController.swift */; };
		324DD002274AD6DF0076A473 /* Main.storyboard in Resources */ = {isa = PBXBuildFile; fileRef = 324DD000274AD6DF0076A473 /* Main.storyboard */; };
		324DD004274AD6E30076A473 /* Assets.xcassets in Resources */ = {isa = PBXBuildFile; fileRef = 324DD003274AD6E30076A473 /* Assets.xcassets */; };
		324DD007274AD6E30076A473 /* LaunchScreen.storyboard in Resources */ = {isa = PBXBuildFile; fileRef = 324DD005274AD6E30076A473 /* LaunchScreen.storyboard */; };
		324DD00F274AD8CB0076A473 /* NetworkManager.swift in Sources */ = {isa = PBXBuildFile; fileRef = 324DD00E274AD8CB0076A473 /* NetworkManager.swift */; };
		324DD012274AD9740076A473 /* OfferModel.swift in Sources */ = {isa = PBXBuildFile; fileRef = 324DD011274AD9740076A473 /* OfferModel.swift */; };
		324DD015274ADA320076A473 /* ListOfferModel.swift in Sources */ = {isa = PBXBuildFile; fileRef = 324DD014274ADA320076A473 /* ListOfferModel.swift */; };
		324DD017274ADA8A0076A473 /* MainOfferModel.swift in Sources */ = {isa = PBXBuildFile; fileRef = 324DD016274ADA8A0076A473 /* MainOfferModel.swift */; };
		324DD019274AE6CF0076A473 /* CityModel.swift in Sources */ = {isa = PBXBuildFile; fileRef = 324DD018274AE6CF0076A473 /* CityModel.swift */; };
		324DD01B274AE7810076A473 /* MainView.swift in Sources */ = {isa = PBXBuildFile; fileRef = 324DD01A274AE7810076A473 /* MainView.swift */; };
		324DD01E274AECD20076A473 /* CustomTableViewCell.swift in Sources */ = {isa = PBXBuildFile; fileRef = 324DD01D274AECD20076A473 /* CustomTableViewCell.swift */; };
		324DD020274AED220076A473 /* CustomTableViewCell.xib in Resources */ = {isa = PBXBuildFile; fileRef = 324DD01F274AED220076A473 /* CustomTableViewCell.xib */; };
		324DD022274B57D60076A473 /* WeatherOfferModel.swift in Sources */ = {isa = PBXBuildFile; fileRef = 324DD021274B57D60076A473 /* WeatherOfferModel.swift */; };
		324DD025274B63990076A473 /* FirstUITableViewCell.swift in Sources */ = {isa = PBXBuildFile; fileRef = 324DD024274B63990076A473 /* FirstUITableViewCell.swift */; };
		324DD027274B63A70076A473 /* FirstUITableViewCell.xib in Resources */ = {isa = PBXBuildFile; fileRef = 324DD026274B63A70076A473 /* FirstUITableViewCell.xib */; };
		324DD02A274B84620076A473 /* SecondUITableViewCell.swift in Sources */ = {isa = PBXBuildFile; fileRef = 324DD029274B84620076A473 /* SecondUITableViewCell.swift */; };
		324DD02C274B846C0076A473 /* SecondUITableViewCell.xib in Resources */ = {isa = PBXBuildFile; fileRef = 324DD02B274B846C0076A473 /* SecondUITableViewCell.xib */; };
		324DD02E274B87840076A473 /* WindOfferModel.swift in Sources */ = {isa = PBXBuildFile; fileRef = 324DD02D274B87840076A473 /* WindOfferModel.swift */; };
/* End PBXBuildFile section */

/* Begin PBXFileReference section */
		324DCFF7274AD6DF0076A473 /* WeatherApp.app */ = {isa = PBXFileReference; explicitFileType = wrapper.application; includeInIndex = 0; path = WeatherApp.app; sourceTree = BUILT_PRODUCTS_DIR; };
		324DCFFA274AD6DF0076A473 /* AppDelegate.swift */ = {isa = PBXFileReference; lastKnownFileType = sourcecode.swift; path = AppDelegate.swift; sourceTree = "<group>"; };
		324DCFFC274AD6DF0076A473 /* SceneDelegate.swift */ = {isa = PBXFileReference; lastKnownFileType = sourcecode.swift; path = SceneDelegate.swift; sourceTree = "<group>"; };
		324DCFFE274AD6DF0076A473 /* ViewController.swift */ = {isa = PBXFileReference; lastKnownFileType = sourcecode.swift; path = ViewController.swift; sourceTree = "<group>"; };
		324DD001274AD6DF0076A473 /* Base */ = {isa = PBXFileReference; lastKnownFileType = file.storyboard; name = Base; path = Base.lproj/Main.storyboard; sourceTree = "<group>"; };
		324DD003274AD6E30076A473 /* Assets.xcassets */ = {isa = PBXFileReference; lastKnownFileType = folder.assetcatalog; path = Assets.xcassets; sourceTree = "<group>"; };
		324DD006274AD6E30076A473 /* Base */ = {isa = PBXFileReference; lastKnownFileType = file.storyboard; name = Base; path = Base.lproj/LaunchScreen.storyboard; sourceTree = "<group>"; };
		324DD008274AD6E30076A473 /* Info.plist */ = {isa = PBXFileReference; lastKnownFileType = text.plist.xml; path = Info.plist; sourceTree = "<group>"; };
		324DD00E274AD8CB0076A473 /* NetworkManager.swift */ = {isa = PBXFileReference; lastKnownFileType = sourcecode.swift; path = NetworkManager.swift; sourceTree = "<group>"; };
		324DD011274AD9740076A473 /* OfferModel.swift */ = {isa = PBXFileReference; lastKnownFileType = sourcecode.swift; path = OfferModel.swift; sourceTree = "<group>"; };
		324DD014274ADA320076A473 /* ListOfferModel.swift */ = {isa = PBXFileReference; lastKnownFileType = sourcecode.swift; path = ListOfferModel.swift; sourceTree = "<group>"; };
		324DD016274ADA8A0076A473 /* MainOfferModel.swift */ = {isa = PBXFileReference; lastKnownFileType = sourcecode.swift; path = MainOfferModel.swift; sourceTree = "<group>"; };
		324DD018274AE6CF0076A473 /* CityModel.swift */ = {isa = PBXFileReference; lastKnownFileType = sourcecode.swift; path = CityModel.swift; sourceTree = "<group>"; };
		324DD01A274AE7810076A473 /* MainView.swift */ = {isa = PBXFileReference; lastKnownFileType = sourcecode.swift; path = MainView.swift; sourceTree = "<group>"; };
		324DD01D274AECD20076A473 /* CustomTableViewCell.swift */ = {isa = PBXFileReference; lastKnownFileType = sourcecode.swift; path = CustomTableViewCell.swift; sourceTree = "<group>"; };
		324DD01F274AED220076A473 /* CustomTableViewCell.xib */ = {isa = PBXFileReference; lastKnownFileType = file.xib; path = CustomTableViewCell.xib; sourceTree = "<group>"; };
		324DD021274B57D60076A473 /* WeatherOfferModel.swift */ = {isa = PBXFileReference; lastKnownFileType = sourcecode.swift; path = WeatherOfferModel.swift; sourceTree = "<group>"; };
		324DD024274B63990076A473 /* FirstUITableViewCell.swift */ = {isa = PBXFileReference; lastKnownFileType = sourcecode.swift; path = FirstUITableViewCell.swift; sourceTree = "<group>"; };
		324DD026274B63A70076A473 /* FirstUITableViewCell.xib */ = {isa = PBXFileReference; lastKnownFileType = file.xib; path = FirstUITableViewCell.xib; sourceTree = "<group>"; };
		324DD029274B84620076A473 /* SecondUITableViewCell.swift */ = {isa = PBXFileReference; lastKnownFileType = sourcecode.swift; path = SecondUITableViewCell.swift; sourceTree = "<group>"; };
		324DD02B274B846C0076A473 /* SecondUITableViewCell.xib */ = {isa = PBXFileReference; lastKnownFileType = file.xib; path = SecondUITableViewCell.xib; sourceTree = "<group>"; };
		324DD02D274B87840076A473 /* WindOfferModel.swift */ = {isa = PBXFileReference; lastKnownFileType = sourcecode.swift; path = WindOfferModel.swift; sourceTree = "<group>"; };
/* End PBXFileReference section */

/* Begin PBXFrameworksBuildPhase section */
		324DCFF4274AD6DF0076A473 /* Frameworks */ = {
			isa = PBXFrameworksBuildPhase;
			buildActionMask = 2147483647;
			files = (
			);
			runOnlyForDeploymentPostprocessing = 0;
		};
/* End PBXFrameworksBuildPhase section */

/* Begin PBXGroup section */
		324DCFEE274AD6DF0076A473 = {
			isa = PBXGroup;
			children = (
				324DCFF9274AD6DF0076A473 /* WeatherApp */,
				324DCFF8274AD6DF0076A473 /* Products */,
			);
			sourceTree = "<group>";
		};
		324DCFF8274AD6DF0076A473 /* Products */ = {
			isa = PBXGroup;
			children = (
				324DCFF7274AD6DF0076A473 /* WeatherApp.app */,
			);
			name = Products;
			sourceTree = "<group>";
		};
		324DCFF9274AD6DF0076A473 /* WeatherApp */ = {
			isa = PBXGroup;
			children = (
				324DCFFA274AD6DF0076A473 /* AppDelegate.swift */,
				32B6B96B274BB21B004DAC01 /* TableViewCells */,
				324DCFFC274AD6DF0076A473 /* SceneDelegate.swift */,
				324DD013274AD9780076A473 /* OfferModel */,
				324DD010274AD9530076A473 /* NetworkManager */,
				324DCFFE274AD6DF0076A473 /* ViewController.swift */,
				324DD01A274AE7810076A473 /* MainView.swift */,
				324DD000274AD6DF0076A473 /* Main.storyboard */,
				324DD003274AD6E30076A473 /* Assets.xcassets */,
				324DD005274AD6E30076A473 /* LaunchScreen.storyboard */,
				324DD008274AD6E30076A473 /* Info.plist */,
			);
			path = WeatherApp;
			sourceTree = "<group>";
		};
		324DD010274AD9530076A473 /* NetworkManager */ = {
			isa = PBXGroup;
			children = (
				324DD00E274AD8CB0076A473 /* NetworkManager.swift */,
			);
			path = NetworkManager;
			sourceTree = "<group>";
		};
		324DD013274AD9780076A473 /* OfferModel */ = {
			isa = PBXGroup;
			children = (
				324DD011274AD9740076A473 /* OfferModel.swift */,
				324DD014274ADA320076A473 /* ListOfferModel.swift */,
				324DD016274ADA8A0076A473 /* MainOfferModel.swift */,
				324DD02D274B87840076A473 /* WindOfferModel.swift */,
				324DD021274B57D60076A473 /* WeatherOfferModel.swift */,
				324DD018274AE6CF0076A473 /* CityModel.swift */,
			);
			path = OfferModel;
			sourceTree = "<group>";
		};
		324DD01C274AECAD0076A473 /* ThirdUITableViewCell */ = {
			isa = PBXGroup;
			children = (
				324DD01D274AECD20076A473 /* CustomTableViewCell.swift */,
				324DD01F274AED220076A473 /* CustomTableViewCell.xib */,
			);
			path = ThirdUITableViewCell;
			sourceTree = "<group>";
		};
		324DD023274B637C0076A473 /* FirstUITableViewCell */ = {
			isa = PBXGroup;
			children = (
				324DD024274B63990076A473 /* FirstUITableViewCell.swift */,
				324DD026274B63A70076A473 /* FirstUITableViewCell.xib */,
			);
			path = FirstUITableViewCell;
			sourceTree = "<group>";
		};
		324DD028274B84390076A473 /* SecondUITableViewCell */ = {
			isa = PBXGroup;
			children = (
				324DD029274B84620076A473 /* SecondUITableViewCell.swift */,
				324DD02B274B846C0076A473 /* SecondUITableViewCell.xib */,
			);
			path = SecondUITableViewCell;
			sourceTree = "<group>";
		};
		32B6B96B274BB21B004DAC01 /* TableViewCells */ = {
			isa = PBXGroup;
			children = (
				324DD023274B637C0076A473 /* FirstUITableViewCell */,
				324DD028274B84390076A473 /* SecondUITableViewCell */,
				324DD01C274AECAD0076A473 /* ThirdUITableViewCell */,
			);
			path = TableViewCells;
			sourceTree = "<group>";
		};
/* End PBXGroup section */

/* Begin PBXNativeTarget section */
		324DCFF6274AD6DF0076A473 /* WeatherApp */ = {
			isa = PBXNativeTarget;
			buildConfigurationList = 324DD00B274AD6E30076A473 /* Build configuration list for PBXNativeTarget "WeatherApp" */;
			buildPhases = (
				324DCFF3274AD6DF0076A473 /* Sources */,
				324DCFF4274AD6DF0076A473 /* Frameworks */,
				324DCFF5274AD6DF0076A473 /* Resources */,
			);
			buildRules = (
			);
			dependencies = (
			);
			name = WeatherApp;
			productName = WeatherApp;
			productReference = 324DCFF7274AD6DF0076A473 /* WeatherApp.app */;
			productType = "com.apple.product-type.application";
		};
/* End PBXNativeTarget section */

/* Begin PBXProject section */
		324DCFEF274AD6DF0076A473 /* Project object */ = {
			isa = PBXProject;
			attributes = {
				LastSwiftUpdateCheck = 1250;
				LastUpgradeCheck = 1250;
				TargetAttributes = {
					324DCFF6274AD6DF0076A473 = {
						CreatedOnToolsVersion = 12.5.1;
					};
				};
			};
			buildConfigurationList = 324DCFF2274AD6DF0076A473 /* Build configuration list for PBXProject "WeatherApp" */;
			compatibilityVersion = "Xcode 9.3";
			developmentRegion = en;
			hasScannedForEncodings = 0;
			knownRegions = (
				en,
				Base,
			);
			mainGroup = 324DCFEE274AD6DF0076A473;
			productRefGroup = 324DCFF8274AD6DF0076A473 /* Products */;
			projectDirPath = "";
			projectRoot = "";
			targets = (
				324DCFF6274AD6DF0076A473 /* WeatherApp */,
			);
		};
/* End PBXProject section */

/* Begin PBXResourcesBuildPhase section */
		324DCFF5274AD6DF0076A473 /* Resources */ = {
			isa = PBXResourcesBuildPhase;
			buildActionMask = 2147483647;
			files = (
				324DD007274AD6E30076A473 /* LaunchScreen.storyboard in Resources */,
				324DD004274AD6E30076A473 /* Assets.xcassets in Resources */,
				324DD027274B63A70076A473 /* FirstUITableViewCell.xib in Resources */,
				324DD020274AED220076A473 /* CustomTableViewCell.xib in Resources */,
				324DD002274AD6DF0076A473 /* Main.storyboard in Resources */,
				324DD02C274B846C0076A473 /* SecondUITableViewCell.xib in Resources */,
			);
			runOnlyForDeploymentPostprocessing = 0;
		};
/* End PBXResourcesBuildPhase section */

/* Begin PBXSourcesBuildPhase section */
		324DCFF3274AD6DF0076A473 /* Sources */ = {
			isa = PBXSourcesBuildPhase;
			buildActionMask = 2147483647;
			files = (
				324DD015274ADA320076A473 /* ListOfferModel.swift in Sources */,
				324DD01B274AE7810076A473 /* MainView.swift in Sources */,
				324DD025274B63990076A473 /* FirstUITableViewCell.swift in Sources */,
				324DD00F274AD8CB0076A473 /* NetworkManager.swift in Sources */,
				324DCFFF274AD6DF0076A473 /* ViewController.swift in Sources */,
				324DD012274AD9740076A473 /* OfferModel.swift in Sources */,
				324DD019274AE6CF0076A473 /* CityModel.swift in Sources */,
				324DD01E274AECD20076A473 /* CustomTableViewCell.swift in Sources */,
				324DCFFB274AD6DF0076A473 /* AppDelegate.swift in Sources */,
				324DD017274ADA8A0076A473 /* MainOfferModel.swift in Sources */,
				324DCFFD274AD6DF0076A473 /* SceneDelegate.swift in Sources */,
				324DD02A274B84620076A473 /* SecondUITableViewCell.swift in Sources */,
				324DD02E274B87840076A473 /* WindOfferModel.swift in Sources */,
				324DD022274B57D60076A473 /* WeatherOfferModel.swift in Sources */,
			);
			runOnlyForDeploymentPostprocessing = 0;
		};
/* End PBXSourcesBuildPhase section */

/* Begin PBXVariantGroup section */
		324DD000274AD6DF0076A473 /* Main.storyboard */ = {
			isa = PBXVariantGroup;
			children = (
				324DD001274AD6DF0076A473 /* Base */,
			);
			name = Main.storyboard;
			sourceTree = "<group>";
		};
		324DD005274AD6E30076A473 /* LaunchScreen.storyboard */ = {
			isa = PBXVariantGroup;
			children = (
				324DD006274AD6E30076A473 /* Base */,
			);
			name = LaunchScreen.storyboard;
			sourceTree = "<group>";
		};
/* End PBXVariantGroup section */

/* Begin XCBuildConfiguration section */
		324DD009274AD6E30076A473 /* Debug */ = {
			isa = XCBuildConfiguration;
			buildSettings = {
				ALWAYS_SEARCH_USER_PATHS = NO;
				CLANG_ANALYZER_NONNULL = YES;
				CLANG_ANALYZER_NUMBER_OBJECT_CONVERSION = YES_AGGRESSIVE;
				CLANG_CXX_LANGUAGE_STANDARD = "gnu++14";
				CLANG_CXX_LIBRARY = "libc++";
				CLANG_ENABLE_MODULES = YES;
				CLANG_ENABLE_OBJC_ARC = YES;
				CLANG_ENABLE_OBJC_WEAK = YES;
				CLANG_WARN_BLOCK_CAPTURE_AUTORELEASING = YES;
				CLANG_WARN_BOOL_CONVERSION = YES;
				CLANG_WARN_COMMA = YES;
				CLANG_WARN_CONSTANT_CONVERSION = YES;
				CLANG_WARN_DEPRECATED_OBJC_IMPLEMENTATIONS = YES;
				CLANG_WARN_DIRECT_OBJC_ISA_USAGE = YES_ERROR;
				CLANG_WARN_DOCUMENTATION_COMMENTS = YES;
				CLANG_WARN_EMPTY_BODY = YES;
				CLANG_WARN_ENUM_CONVERSION = YES;
				CLANG_WARN_INFINITE_RECURSION = YES;
				CLANG_WARN_INT_CONVERSION = YES;
				CLANG_WARN_NON_LITERAL_NULL_CONVERSION = YES;
				CLANG_WARN_OBJC_IMPLICIT_RETAIN_SELF = YES;
				CLANG_WARN_OBJC_LITERAL_CONVERSION = YES;
				CLANG_WARN_OBJC_ROOT_CLASS = YES_ERROR;
				CLANG_WARN_QUOTED_INCLUDE_IN_FRAMEWORK_HEADER = YES;
				CLANG_WARN_RANGE_LOOP_ANALYSIS = YES;
				CLANG_WARN_STRICT_PROTOTYPES = YES;
				CLANG_WARN_SUSPICIOUS_MOVE = YES;
				CLANG_WARN_UNGUARDED_AVAILABILITY = YES_AGGRESSIVE;
				CLANG_WARN_UNREACHABLE_CODE = YES;
				CLANG_WARN__DUPLICATE_METHOD_MATCH = YES;
				COPY_PHASE_STRIP = NO;
				DEBUG_INFORMATION_FORMAT = dwarf;
				ENABLE_STRICT_OBJC_MSGSEND = YES;
				ENABLE_TESTABILITY = YES;
				GCC_C_LANGUAGE_STANDARD = gnu11;
				GCC_DYNAMIC_NO_PIC = NO;
				GCC_NO_COMMON_BLOCKS = YES;
				GCC_OPTIMIZATION_LEVEL = 0;
				GCC_PREPROCESSOR_DEFINITIONS = (
					"DEBUG=1",
					"$(inherited)",
				);
				GCC_WARN_64_TO_32_BIT_CONVERSION = YES;
				GCC_WARN_ABOUT_RETURN_TYPE = YES_ERROR;
				GCC_WARN_UNDECLARED_SELECTOR = YES;
				GCC_WARN_UNINITIALIZED_AUTOS = YES_AGGRESSIVE;
				GCC_WARN_UNUSED_FUNCTION = YES;
				GCC_WARN_UNUSED_VARIABLE = YES;
				IPHONEOS_DEPLOYMENT_TARGET = 14.5;
				MTL_ENABLE_DEBUG_INFO = INCLUDE_SOURCE;
				MTL_FAST_MATH = YES;
				ONLY_ACTIVE_ARCH = YES;
				SDKROOT = iphoneos;
				SWIFT_ACTIVE_COMPILATION_CONDITIONS = DEBUG;
				SWIFT_OPTIMIZATION_LEVEL = "-Onone";
			};
			name = Debug;
		};
		324DD00A274AD6E30076A473 /* Release */ = {
			isa = XCBuildConfiguration;
			buildSettings = {
				ALWAYS_SEARCH_USER_PATHS = NO;
				CLANG_ANALYZER_NONNULL = YES;
				CLANG_ANALYZER_NUMBER_OBJECT_CONVERSION = YES_AGGRESSIVE;
				CLANG_CXX_LANGUAGE_STANDARD = "gnu++14";
				CLANG_CXX_LIBRARY = "libc++";
				CLANG_ENABLE_MODULES = YES;
				CLANG_ENABLE_OBJC_ARC = YES;
				CLANG_ENABLE_OBJC_WEAK = YES;
				CLANG_WARN_BLOCK_CAPTURE_AUTORELEASING = YES;
				CLANG_WARN_BOOL_CONVERSION = YES;
				CLANG_WARN_COMMA = YES;
				CLANG_WARN_CONSTANT_CONVERSION = YES;
				CLANG_WARN_DEPRECATED_OBJC_IMPLEMENTATIONS = YES;
				CLANG_WARN_DIRECT_OBJC_ISA_USAGE = YES_ERROR;
				CLANG_WARN_DOCUMENTATION_COMMENTS = YES;
				CLANG_WARN_EMPTY_BODY = YES;
				CLANG_WARN_ENUM_CONVERSION = YES;
				CLANG_WARN_INFINITE_RECURSION = YES;
				CLANG_WARN_INT_CONVERSION = YES;
				CLANG_WARN_NON_LITERAL_NULL_CONVERSION = YES;
				CLANG_WARN_OBJC_IMPLICIT_RETAIN_SELF = YES;
				CLANG_WARN_OBJC_LITERAL_CONVERSION = YES;
				CLANG_WARN_OBJC_ROOT_CLASS = YES_ERROR;
				CLANG_WARN_QUOTED_INCLUDE_IN_FRAMEWORK_HEADER = YES;
				CLANG_WARN_RANGE_LOOP_ANALYSIS = YES;
				CLANG_WARN_STRICT_PROTOTYPES = YES;
				CLANG_WARN_SUSPICIOUS_MOVE = YES;
				CLANG_WARN_UNGUARDED_AVAILABILITY = YES_AGGRESSIVE;
				CLANG_WARN_UNREACHABLE_CODE = YES;
				CLANG_WARN__DUPLICATE_METHOD_MATCH = YES;
				COPY_PHASE_STRIP = NO;
				DEBUG_INFORMATION_FORMAT = "dwarf-with-dsym";
				ENABLE_NS_ASSERTIONS = NO;
				ENABLE_STRICT_OBJC_MSGSEND = YES;
				GCC_C_LANGUAGE_STANDARD = gnu11;
				GCC_NO_COMMON_BLOCKS = YES;
				GCC_WARN_64_TO_32_BIT_CONVERSION = YES;
				GCC_WARN_ABOUT_RETURN_TYPE = YES_ERROR;
				GCC_WARN_UNDECLARED_SELECTOR = YES;
				GCC_WARN_UNINITIALIZED_AUTOS = YES_AGGRESSIVE;
				GCC_WARN_UNUSED_FUNCTION = YES;
				GCC_WARN_UNUSED_VARIABLE = YES;
				IPHONEOS_DEPLOYMENT_TARGET = 14.5;
				MTL_ENABLE_DEBUG_INFO = NO;
				MTL_FAST_MATH = YES;
				SDKROOT = iphoneos;
				SWIFT_COMPILATION_MODE = wholemodule;
				SWIFT_OPTIMIZATION_LEVEL = "-O";
				VALIDATE_PRODUCT = YES;
			};
			name = Release;
		};
		324DD00C274AD6E30076A473 /* Debug */ = {
			isa = XCBuildConfiguration;
			buildSettings = {
				ASSETCATALOG_COMPILER_APPICON_NAME = AppIcon;
				ASSETCATALOG_COMPILER_GLOBAL_ACCENT_COLOR_NAME = AccentColor;
				CODE_SIGN_STYLE = Automatic;
				INFOPLIST_FILE = WeatherApp/Info.plist;
				LD_RUNPATH_SEARCH_PATHS = (
					"$(inherited)",
					"@executable_path/Frameworks",
				);
				PRODUCT_BUNDLE_IDENTIFIER = test.WeatherApp;
				PRODUCT_NAME = "$(TARGET_NAME)";
				SWIFT_VERSION = 5.0;
				TARGETED_DEVICE_FAMILY = "1,2";
			};
			name = Debug;
		};
		324DD00D274AD6E30076A473 /* Release */ = {
			isa = XCBuildConfiguration;
			buildSettings = {
				ASSETCATALOG_COMPILER_APPICON_NAME = AppIcon;
				ASSETCATALOG_COMPILER_GLOBAL_ACCENT_COLOR_NAME = AccentColor;
				CODE_SIGN_STYLE = Automatic;
				INFOPLIST_FILE = WeatherApp/Info.plist;
				LD_RUNPATH_SEARCH_PATHS = (
					"$(inherited)",
					"@executable_path/Frameworks",
				);
				PRODUCT_BUNDLE_IDENTIFIER = test.WeatherApp;
				PRODUCT_NAME = "$(TARGET_NAME)";
				SWIFT_VERSION = 5.0;
				TARGETED_DEVICE_FAMILY = "1,2";
			};
			name = Release;
		};
/* End XCBuildConfiguration section */

/* Begin XCConfigurationList section */
		324DCFF2274AD6DF0076A473 /* Build configuration list for PBXProject "WeatherApp" */ = {
			isa = XCConfigurationList;
			buildConfigurations = (
				324DD009274AD6E30076A473 /* Debug */,
				324DD00A274AD6E30076A473 /* Release */,
			);
			defaultConfigurationIsVisible = 0;
			defaultConfigurationName = Release;
		};
		324DD00B274AD6E30076A473 /* Build configuration list for PBXNativeTarget "WeatherApp" */ = {
			isa = XCConfigurationList;
			buildConfigurations = (
				324DD00C274AD6E30076A473 /* Debug */,
				324DD00D274AD6E30076A473 /* Release */,
			);
			defaultConfigurationIsVisible = 0;
			defaultConfigurationName = Release;
		};
/* End XCConfigurationList section */
	};
	rootObject = 324DCFEF274AD6DF0076A473 /* Project object */;
}
