// !$*UTF8*$!
{
	archiveVersion = 1;
	classes = {
	};
	objectVersion = 51;
	objects = {

/* Begin PBXBuildFile section */
		32057B9E275D0D420062811A /* KeyValueStorage.swift in Sources */ = {isa = PBXBuildFile; fileRef = 32057B9D275D0D420062811A /* KeyValueStorage.swift */; };
		32057BA1275D0D7E0062811A /* ProtectedStorage.swift in Sources */ = {isa = PBXBuildFile; fileRef = 32057BA0275D0D7E0062811A /* ProtectedStorage.swift */; };
		321832A827142E5B00BD6C5C /* ExtansionButton.swift in Sources */ = {isa = PBXBuildFile; fileRef = 321832A727142E5B00BD6C5C /* ExtansionButton.swift */; };
		321832F6271712A800BD6C5C /* Ephesis-Regular.ttf in Resources */ = {isa = PBXBuildFile; fileRef = 321832F5271712A800BD6C5C /* Ephesis-Regular.ttf */; };
		321832F82717134000BD6C5C /* lunch-time-normal2.ttf in Resources */ = {isa = PBXBuildFile; fileRef = 321832FA2717134000BD6C5C /* lunch-time-normal2.ttf */; };
		321832FB2717134900BD6C5C /* teddy-bear.ttf in Resources */ = {isa = PBXBuildFile; fileRef = 321832F12717105B00BD6C5C /* teddy-bear.ttf */; };
		322ABAEC2738496C00CCBF78 /* ExtensionShake.swift in Sources */ = {isa = PBXBuildFile; fileRef = 322ABAEB2738496C00CCBF78 /* ExtensionShake.swift */; };
		322ABAF027386D8B00CCBF78 /* MyPhotoViewCell.swift in Sources */ = {isa = PBXBuildFile; fileRef = 322ABAEE27386D8A00CCBF78 /* MyPhotoViewCell.swift */; };
		322ABAF32738782700CCBF78 /* PhotoViewController.swift in Sources */ = {isa = PBXBuildFile; fileRef = 322ABAF22738782700CCBF78 /* PhotoViewController.swift */; };
		323DD26327391B01000E6618 /* MyImageViewCell.swift in Sources */ = {isa = PBXBuildFile; fileRef = 323DD26027391B00000E6618 /* MyImageViewCell.swift */; };
		323DD26427391B01000E6618 /* ImageViewController.swift in Sources */ = {isa = PBXBuildFile; fileRef = 323DD26127391B00000E6618 /* ImageViewController.swift */; };
		323DD266273926FB000E6618 /* Animation.swift in Sources */ = {isa = PBXBuildFile; fileRef = 323DD265273926FB000E6618 /* Animation.swift */; };
		323DD26827397409000E6618 /* Options.swift in Sources */ = {isa = PBXBuildFile; fileRef = 323DD26727397409000E6618 /* Options.swift */; };
		3254237F2709EBFF0044B032 /* GameOverViewController.swift in Sources */ = {isa = PBXBuildFile; fileRef = 3254237E2709EBFF0044B032 /* GameOverViewController.swift */; };
		3255B0742702FFFC00661182 /* AppDelegate.swift in Sources */ = {isa = PBXBuildFile; fileRef = 3255B0732702FFFC00661182 /* AppDelegate.swift */; };
		3255B0762702FFFC00661182 /* SceneDelegate.swift in Sources */ = {isa = PBXBuildFile; fileRef = 3255B0752702FFFC00661182 /* SceneDelegate.swift */; };
		3255B0782702FFFC00661182 /* RunBall.swift in Sources */ = {isa = PBXBuildFile; fileRef = 3255B0772702FFFC00661182 /* RunBall.swift */; };
		3255B07B2702FFFC00661182 /* Main.storyboard in Resources */ = {isa = PBXBuildFile; fileRef = 3255B0792702FFFC00661182 /* Main.storyboard */; };
		3255B07D2703000100661182 /* Assets.xcassets in Resources */ = {isa = PBXBuildFile; fileRef = 3255B07C2703000100661182 /* Assets.xcassets */; };
		3255B0802703000100661182 /* LaunchScreen.storyboard in Resources */ = {isa = PBXBuildFile; fileRef = 3255B07E2703000100661182 /* LaunchScreen.storyboard */; };
		3255B08D2705104500661182 /* SwipeImage.swift in Sources */ = {isa = PBXBuildFile; fileRef = 3255B08C2705104500661182 /* SwipeImage.swift */; };
		3255B08F2705E19C00661182 /* MainViewController.swift in Sources */ = {isa = PBXBuildFile; fileRef = 3255B08E2705E19B00661182 /* MainViewController.swift */; };
		3255B0942706CE1300661182 /* GameViewController.swift in Sources */ = {isa = PBXBuildFile; fileRef = 3255B0932706CE1300661182 /* GameViewController.swift */; };
		326E1E3C2726A07C004E99B5 /* Alert.xib in Resources */ = {isa = PBXBuildFile; fileRef = 326E1E3B2726A07C004E99B5 /* Alert.xib */; };
		326E1E3F2726A0B8004E99B5 /* Alert.swift in Sources */ = {isa = PBXBuildFile; fileRef = 326E1E3E2726A0B8004E99B5 /* Alert.swift */; };
		326E1E412726A326004E99B5 /* ExtensionAlert.swift in Sources */ = {isa = PBXBuildFile; fileRef = 326E1E402726A326004E99B5 /* ExtensionAlert.swift */; };
		326E1E432726CEB4004E99B5 /* NIb.swift in Sources */ = {isa = PBXBuildFile; fileRef = 326E1E422726CEB4004E99B5 /* NIb.swift */; };
		326E1E452726DEA7004E99B5 /* ExtensionBlur.swift in Sources */ = {isa = PBXBuildFile; fileRef = 326E1E442726DEA7004E99B5 /* ExtensionBlur.swift */; };
		326E1E492726EC48004E99B5 /* ExtensionTextField.swift in Sources */ = {isa = PBXBuildFile; fileRef = 326E1E482726EC47004E99B5 /* ExtensionTextField.swift */; };
		32C29C1C274591E900FB53F1 /* MyViewController.swift in Sources */ = {isa = PBXBuildFile; fileRef = 32C29C1B274591E900FB53F1 /* MyViewController.swift */; };
		32C29C1E2745924700FB53F1 /* CollectionViewCell.swift in Sources */ = {isa = PBXBuildFile; fileRef = 32C29C1D2745924700FB53F1 /* CollectionViewCell.swift */; };
		32C29C4D274675AF00FB53F1 /* SwipeImageCell.swift in Sources */ = {isa = PBXBuildFile; fileRef = 32C29C4C274675AF00FB53F1 /* SwipeImageCell.swift */; };
		32E9BBB2272934140080193E /* LoginViewController.swift in Sources */ = {isa = PBXBuildFile; fileRef = 32E9BBB1272934140080193E /* LoginViewController.swift */; };
		32E9BBB52729F99E0080193E /* ExtensionTextView.swift in Sources */ = {isa = PBXBuildFile; fileRef = 32E9BBB42729F99E0080193E /* ExtensionTextView.swift */; };
		32E9BBB8272A8B980080193E /* RegisterViewController.swift in Sources */ = {isa = PBXBuildFile; fileRef = 32E9BBB7272A8B980080193E /* RegisterViewController.swift */; };
		32EBB8EE273E8BD200BF4F60 /* CommentViewController.swift in Sources */ = {isa = PBXBuildFile; fileRef = 32EBB8ED273E8BD200BF4F60 /* CommentViewController.swift */; };
		32EBB8F3273F194600BF4F60 /* TableViewCell.swift in Sources */ = {isa = PBXBuildFile; fileRef = 32EBB8F1273F194600BF4F60 /* TableViewCell.swift */; };
		32EBB8F4273F194600BF4F60 /* TableViewCell.xib in Resources */ = {isa = PBXBuildFile; fileRef = 32EBB8F2273F194600BF4F60 /* TableViewCell.xib */; };
		DEA8BFB072CE042BEE027196 /* Pods_HomeWork10_UIImageAnimationTimers_.framework in Frameworks */ = {isa = PBXBuildFile; fileRef = 6A1457A67A7BF204611EE5EA /* Pods_HomeWork10_UIImageAnimationTimers_.framework */; };
/* End PBXBuildFile section */

/* Begin PBXFileReference section */
		1ECE20F0898C155F638B0872 /* Pods-HomeWork10(UIImageAnimationTimers).release.xcconfig */ = {isa = PBXFileReference; includeInIndex = 1; lastKnownFileType = text.xcconfig; name = "Pods-HomeWork10(UIImageAnimationTimers).release.xcconfig"; path = "Target Support Files/Pods-HomeWork10(UIImageAnimationTimers)/Pods-HomeWork10(UIImageAnimationTimers).release.xcconfig"; sourceTree = "<group>"; };
		32057B9D275D0D420062811A /* KeyValueStorage.swift */ = {isa = PBXFileReference; lastKnownFileType = sourcecode.swift; path = KeyValueStorage.swift; sourceTree = "<group>"; };
		32057BA0275D0D7E0062811A /* ProtectedStorage.swift */ = {isa = PBXFileReference; lastKnownFileType = sourcecode.swift; path = ProtectedStorage.swift; sourceTree = "<group>"; };
		321832A727142E5B00BD6C5C /* ExtansionButton.swift */ = {isa = PBXFileReference; lastKnownFileType = sourcecode.swift; path = ExtansionButton.swift; sourceTree = "<group>"; };
		321832F12717105B00BD6C5C /* teddy-bear.ttf */ = {isa = PBXFileReference; lastKnownFileType = file; path = "teddy-bear.ttf"; sourceTree = "<group>"; };
		321832F5271712A800BD6C5C /* Ephesis-Regular.ttf */ = {isa = PBXFileReference; lastKnownFileType = file; path = "Ephesis-Regular.ttf"; sourceTree = "<group>"; };
		321832F92717134000BD6C5C /* en */ = {isa = PBXFileReference; lastKnownFileType = file; name = en; path = "en.lproj/lunch-time-normal2.ttf"; sourceTree = "<group>"; };
		322ABAEB2738496C00CCBF78 /* ExtensionShake.swift */ = {isa = PBXFileReference; lastKnownFileType = sourcecode.swift; path = ExtensionShake.swift; sourceTree = "<group>"; };
		322ABAEE27386D8A00CCBF78 /* MyPhotoViewCell.swift */ = {isa = PBXFileReference; fileEncoding = 4; lastKnownFileType = sourcecode.swift; path = MyPhotoViewCell.swift; sourceTree = "<group>"; };
		322ABAF22738782700CCBF78 /* PhotoViewController.swift */ = {isa = PBXFileReference; lastKnownFileType = sourcecode.swift; path = PhotoViewController.swift; sourceTree = "<group>"; };
		323DD26027391B00000E6618 /* MyImageViewCell.swift */ = {isa = PBXFileReference; fileEncoding = 4; lastKnownFileType = sourcecode.swift; path = MyImageViewCell.swift; sourceTree = "<group>"; };
		323DD26127391B00000E6618 /* ImageViewController.swift */ = {isa = PBXFileReference; fileEncoding = 4; lastKnownFileType = sourcecode.swift; path = ImageViewController.swift; sourceTree = "<group>"; };
		323DD265273926FB000E6618 /* Animation.swift */ = {isa = PBXFileReference; lastKnownFileType = sourcecode.swift; path = Animation.swift; sourceTree = "<group>"; };
		323DD26727397409000E6618 /* Options.swift */ = {isa = PBXFileReference; lastKnownFileType = sourcecode.swift; path = Options.swift; sourceTree = "<group>"; };
		3254237E2709EBFF0044B032 /* GameOverViewController.swift */ = {isa = PBXFileReference; lastKnownFileType = sourcecode.swift; path = GameOverViewController.swift; sourceTree = "<group>"; };
		3255B0702702FFFC00661182 /* HomeWork10(UIImageAnimationTimers).app */ = {isa = PBXFileReference; explicitFileType = wrapper.application; includeInIndex = 0; path = "HomeWork10(UIImageAnimationTimers).app"; sourceTree = BUILT_PRODUCTS_DIR; };
		3255B0732702FFFC00661182 /* AppDelegate.swift */ = {isa = PBXFileReference; lastKnownFileType = sourcecode.swift; path = AppDelegate.swift; sourceTree = "<group>"; };
		3255B0752702FFFC00661182 /* SceneDelegate.swift */ = {isa = PBXFileReference; lastKnownFileType = sourcecode.swift; path = SceneDelegate.swift; sourceTree = "<group>"; };
		3255B0772702FFFC00661182 /* RunBall.swift */ = {isa = PBXFileReference; lastKnownFileType = sourcecode.swift; path = RunBall.swift; sourceTree = "<group>"; };
		3255B07A2702FFFC00661182 /* Base */ = {isa = PBXFileReference; lastKnownFileType = file.storyboard; name = Base; path = Base.lproj/Main.storyboard; sourceTree = "<group>"; };
		3255B07C2703000100661182 /* Assets.xcassets */ = {isa = PBXFileReference; lastKnownFileType = folder.assetcatalog; path = Assets.xcassets; sourceTree = "<group>"; };
		3255B07F2703000100661182 /* Base */ = {isa = PBXFileReference; lastKnownFileType = file.storyboard; name = Base; path = Base.lproj/LaunchScreen.storyboard; sourceTree = "<group>"; };
		3255B0812703000100661182 /* Info.plist */ = {isa = PBXFileReference; lastKnownFileType = text.plist.xml; path = Info.plist; sourceTree = "<group>"; };
		3255B08C2705104500661182 /* SwipeImage.swift */ = {isa = PBXFileReference; fileEncoding = 4; lastKnownFileType = sourcecode.swift; path = SwipeImage.swift; sourceTree = "<group>"; };
		3255B08E2705E19B00661182 /* MainViewController.swift */ = {isa = PBXFileReference; lastKnownFileType = sourcecode.swift; path = MainViewController.swift; sourceTree = "<group>"; };
		3255B0932706CE1300661182 /* GameViewController.swift */ = {isa = PBXFileReference; lastKnownFileType = sourcecode.swift; path = GameViewController.swift; sourceTree = "<group>"; };
		326E1E3B2726A07C004E99B5 /* Alert.xib */ = {isa = PBXFileReference; lastKnownFileType = file.xib; path = Alert.xib; sourceTree = "<group>"; };
		326E1E3E2726A0B8004E99B5 /* Alert.swift */ = {isa = PBXFileReference; lastKnownFileType = sourcecode.swift; path = Alert.swift; sourceTree = "<group>"; };
		326E1E402726A326004E99B5 /* ExtensionAlert.swift */ = {isa = PBXFileReference; fileEncoding = 4; lastKnownFileType = sourcecode.swift; path = ExtensionAlert.swift; sourceTree = "<group>"; };
		326E1E422726CEB4004E99B5 /* NIb.swift */ = {isa = PBXFileReference; lastKnownFileType = sourcecode.swift; path = NIb.swift; sourceTree = "<group>"; };
		326E1E442726DEA7004E99B5 /* ExtensionBlur.swift */ = {isa = PBXFileReference; fileEncoding = 4; lastKnownFileType = sourcecode.swift; path = ExtensionBlur.swift; sourceTree = "<group>"; };
		326E1E482726EC47004E99B5 /* ExtensionTextField.swift */ = {isa = PBXFileReference; fileEncoding = 4; lastKnownFileType = sourcecode.swift; path = ExtensionTextField.swift; sourceTree = "<group>"; };
		32C29C1B274591E900FB53F1 /* MyViewController.swift */ = {isa = PBXFileReference; lastKnownFileType = sourcecode.swift; path = MyViewController.swift; sourceTree = "<group>"; };
		32C29C1D2745924700FB53F1 /* CollectionViewCell.swift */ = {isa = PBXFileReference; lastKnownFileType = sourcecode.swift; path = CollectionViewCell.swift; sourceTree = "<group>"; };
		32C29C4C274675AF00FB53F1 /* SwipeImageCell.swift */ = {isa = PBXFileReference; lastKnownFileType = sourcecode.swift; path = SwipeImageCell.swift; sourceTree = "<group>"; };
		32E9BBB1272934140080193E /* LoginViewController.swift */ = {isa = PBXFileReference; fileEncoding = 4; lastKnownFileType = sourcecode.swift; path = LoginViewController.swift; sourceTree = "<group>"; };
		32E9BBB42729F99E0080193E /* ExtensionTextView.swift */ = {isa = PBXFileReference; lastKnownFileType = sourcecode.swift; path = ExtensionTextView.swift; sourceTree = "<group>"; };
		32E9BBB7272A8B980080193E /* RegisterViewController.swift */ = {isa = PBXFileReference; lastKnownFileType = sourcecode.swift; path = RegisterViewController.swift; sourceTree = "<group>"; };
		32EBB8ED273E8BD200BF4F60 /* CommentViewController.swift */ = {isa = PBXFileReference; lastKnownFileType = sourcecode.swift; path = CommentViewController.swift; sourceTree = "<group>"; };
		32EBB8F1273F194600BF4F60 /* TableViewCell.swift */ = {isa = PBXFileReference; fileEncoding = 4; lastKnownFileType = sourcecode.swift; path = TableViewCell.swift; sourceTree = "<group>"; };
		32EBB8F2273F194600BF4F60 /* TableViewCell.xib */ = {isa = PBXFileReference; fileEncoding = 4; lastKnownFileType = file.xib; path = TableViewCell.xib; sourceTree = "<group>"; };
		590B83DAE4E92D61A45D0A5E /* Pods-HomeWork10(UIImageAnimationTimers).debug.xcconfig */ = {isa = PBXFileReference; includeInIndex = 1; lastKnownFileType = text.xcconfig; name = "Pods-HomeWork10(UIImageAnimationTimers).debug.xcconfig"; path = "Target Support Files/Pods-HomeWork10(UIImageAnimationTimers)/Pods-HomeWork10(UIImageAnimationTimers).debug.xcconfig"; sourceTree = "<group>"; };
		6A1457A67A7BF204611EE5EA /* Pods_HomeWork10_UIImageAnimationTimers_.framework */ = {isa = PBXFileReference; explicitFileType = wrapper.framework; includeInIndex = 0; path = Pods_HomeWork10_UIImageAnimationTimers_.framework; sourceTree = BUILT_PRODUCTS_DIR; };
/* End PBXFileReference section */

/* Begin PBXFrameworksBuildPhase section */
		3255B06D2702FFFC00661182 /* Frameworks */ = {
			isa = PBXFrameworksBuildPhase;
			buildActionMask = 2147483647;
			files = (
				DEA8BFB072CE042BEE027196 /* Pods_HomeWork10_UIImageAnimationTimers_.framework in Frameworks */,
			);
			runOnlyForDeploymentPostprocessing = 0;
		};
/* End PBXFrameworksBuildPhase section */

/* Begin PBXGroup section */
		05B3BCBA017F1257DCD87195 /* Pods */ = {
			isa = PBXGroup;
			children = (
				590B83DAE4E92D61A45D0A5E /* Pods-HomeWork10(UIImageAnimationTimers).debug.xcconfig */,
				1ECE20F0898C155F638B0872 /* Pods-HomeWork10(UIImageAnimationTimers).release.xcconfig */,
			);
			path = Pods;
			sourceTree = "<group>";
		};
		32057B9F275D0D480062811A /* KeychainAcees */ = {
			isa = PBXGroup;
			children = (
				32057B9D275D0D420062811A /* KeyValueStorage.swift */,
				32057BA0275D0D7E0062811A /* ProtectedStorage.swift */,
			);
			path = KeychainAcees;
			sourceTree = "<group>";
		};
		32057BA2275D19890062811A /* Settings */ = {
			isa = PBXGroup;
			children = (
				323DD26727397409000E6618 /* Options.swift */,
				321832F32717117800BD6C5C /* Fonts */,
				321832A627142DB300BD6C5C /* Extension */,
				32057B9F275D0D480062811A /* KeychainAcees */,
			);
			path = Settings;
			sourceTree = "<group>";
		};
		321832A627142DB300BD6C5C /* Extension */ = {
			isa = PBXGroup;
			children = (
				326E1E482726EC47004E99B5 /* ExtensionTextField.swift */,
				32E9BBB42729F99E0080193E /* ExtensionTextView.swift */,
				326E1E442726DEA7004E99B5 /* ExtensionBlur.swift */,
				326E1E402726A326004E99B5 /* ExtensionAlert.swift */,
				321832A727142E5B00BD6C5C /* ExtansionButton.swift */,
				326E1E422726CEB4004E99B5 /* NIb.swift */,
				322ABAEB2738496C00CCBF78 /* ExtensionShake.swift */,
				323DD265273926FB000E6618 /* Animation.swift */,
			);
			path = Extension;
			sourceTree = "<group>";
		};
		321832F32717117800BD6C5C /* Fonts */ = {
			isa = PBXGroup;
			children = (
				321832F5271712A800BD6C5C /* Ephesis-Regular.ttf */,
				321832FA2717134000BD6C5C /* lunch-time-normal2.ttf */,
				321832F12717105B00BD6C5C /* teddy-bear.ttf */,
			);
			path = Fonts;
			sourceTree = "<group>";
		};
		322ABAF127386D9400CCBF78 /* АvatarPhoto */ = {
			isa = PBXGroup;
			children = (
				322ABAF22738782700CCBF78 /* PhotoViewController.swift */,
				322ABAEE27386D8A00CCBF78 /* MyPhotoViewCell.swift */,
			);
			path = "АvatarPhoto";
			sourceTree = "<group>";
		};
		323DD25E27391B00000E6618 /* Images */ = {
			isa = PBXGroup;
			children = (
				323DD26127391B00000E6618 /* ImageViewController.swift */,
				323DD26027391B00000E6618 /* MyImageViewCell.swift */,
			);
			path = Images;
			sourceTree = "<group>";
		};
		3255B0672702FFFC00661182 = {
			isa = PBXGroup;
			children = (
				3255B0722702FFFC00661182 /* HomeWork10(UIImageAnimationTimers) */,
				3255B0712702FFFC00661182 /* Products */,
				05B3BCBA017F1257DCD87195 /* Pods */,
				AB7827C47E97564759AEDAD0 /* Frameworks */,
			);
			sourceTree = "<group>";
		};
		3255B0712702FFFC00661182 /* Products */ = {
			isa = PBXGroup;
			children = (
				3255B0702702FFFC00661182 /* HomeWork10(UIImageAnimationTimers).app */,
			);
			name = Products;
			sourceTree = "<group>";
		};
		3255B0722702FFFC00661182 /* HomeWork10(UIImageAnimationTimers) */ = {
			isa = PBXGroup;
			children = (
				3255B0732702FFFC00661182 /* AppDelegate.swift */,
				3255B0752702FFFC00661182 /* SceneDelegate.swift */,
				3255B08E2705E19B00661182 /* MainViewController.swift */,
				32E9BBB3272934390080193E /* SwipeImage */,
				3255B0772702FFFC00661182 /* RunBall.swift */,
				3255B0922706CDD600661182 /* CarGame */,
				3255B0792702FFFC00661182 /* Main.storyboard */,
				3255B07C2703000100661182 /* Assets.xcassets */,
				3255B07E2703000100661182 /* LaunchScreen.storyboard */,
				3255B0812703000100661182 /* Info.plist */,
				32057BA2275D19890062811A /* Settings */,
			);
			path = "HomeWork10(UIImageAnimationTimers)";
			sourceTree = "<group>";
		};
		3255B0922706CDD600661182 /* CarGame */ = {
			isa = PBXGroup;
			children = (
				3255B0932706CE1300661182 /* GameViewController.swift */,
				3254237E2709EBFF0044B032 /* GameOverViewController.swift */,
			);
			path = CarGame;
			sourceTree = "<group>";
		};
		326E1E3D2726A0A7004E99B5 /* Alert */ = {
			isa = PBXGroup;
			children = (
				326E1E3B2726A07C004E99B5 /* Alert.xib */,
				326E1E3E2726A0B8004E99B5 /* Alert.swift */,
			);
			path = Alert;
			sourceTree = "<group>";
		};
		32C29C4B2746720000FB53F1 /* newImage */ = {
			isa = PBXGroup;
			children = (
				32C29C1B274591E900FB53F1 /* MyViewController.swift */,
				32C29C1D2745924700FB53F1 /* CollectionViewCell.swift */,
			);
			path = newImage;
			sourceTree = "<group>";
		};
		32C29C4E274675B700FB53F1 /* MainMenu */ = {
			isa = PBXGroup;
			children = (
				3255B08C2705104500661182 /* SwipeImage.swift */,
				32C29C4C274675AF00FB53F1 /* SwipeImageCell.swift */,
			);
			path = MainMenu;
			sourceTree = "<group>";
		};
		32E9BBB3272934390080193E /* SwipeImage */ = {
			isa = PBXGroup;
			children = (
				32C29C4E274675B700FB53F1 /* MainMenu */,
				32EBB8EF273E8BD700BF4F60 /* Сomments */,
				32C29C4B2746720000FB53F1 /* newImage */,
				323DD25E27391B00000E6618 /* Images */,
				322ABAF127386D9400CCBF78 /* АvatarPhoto */,
				326E1E3D2726A0A7004E99B5 /* Alert */,
				32E9BBB6272A8B2B0080193E /* Login */,
			);
			path = SwipeImage;
			sourceTree = "<group>";
		};
		32E9BBB6272A8B2B0080193E /* Login */ = {
			isa = PBXGroup;
			children = (
				32E9BBB1272934140080193E /* LoginViewController.swift */,
				32E9BBB7272A8B980080193E /* RegisterViewController.swift */,
			);
			path = Login;
			sourceTree = "<group>";
		};
		32EBB8EF273E8BD700BF4F60 /* Сomments */ = {
			isa = PBXGroup;
			children = (
				32EBB8F0273F194600BF4F60 /* Cell */,
				32EBB8ED273E8BD200BF4F60 /* CommentViewController.swift */,
			);
			path = "Сomments";
			sourceTree = "<group>";
		};
		32EBB8F0273F194600BF4F60 /* Cell */ = {
			isa = PBXGroup;
			children = (
				32EBB8F1273F194600BF4F60 /* TableViewCell.swift */,
				32EBB8F2273F194600BF4F60 /* TableViewCell.xib */,
			);
			path = Cell;
			sourceTree = "<group>";
		};
		AB7827C47E97564759AEDAD0 /* Frameworks */ = {
			isa = PBXGroup;
			children = (
				6A1457A67A7BF204611EE5EA /* Pods_HomeWork10_UIImageAnimationTimers_.framework */,
			);
			name = Frameworks;
			sourceTree = "<group>";
		};
/* End PBXGroup section */

/* Begin PBXNativeTarget section */
		3255B06F2702FFFC00661182 /* HomeWork10(UIImageAnimationTimers) */ = {
			isa = PBXNativeTarget;
			buildConfigurationList = 3255B0842703000100661182 /* Build configuration list for PBXNativeTarget "HomeWork10(UIImageAnimationTimers)" */;
			buildPhases = (
				10BD3568106821A2D51BF46A /* [CP] Check Pods Manifest.lock */,
				3255B06C2702FFFC00661182 /* Sources */,
				3255B06D2702FFFC00661182 /* Frameworks */,
				3255B06E2702FFFC00661182 /* Resources */,
				E6EEAFF56BDDCC8F7D6A2970 /* [CP] Embed Pods Frameworks */,
			);
			buildRules = (
			);
			dependencies = (
			);
			name = "HomeWork10(UIImageAnimationTimers)";
			productName = "HomeWork10(UIImageAnimationTimers)";
			productReference = 3255B0702702FFFC00661182 /* HomeWork10(UIImageAnimationTimers).app */;
			productType = "com.apple.product-type.application";
		};
/* End PBXNativeTarget section */

/* Begin PBXProject section */
		3255B0682702FFFC00661182 /* Project object */ = {
			isa = PBXProject;
			attributes = {
				LastSwiftUpdateCheck = 1250;
				LastUpgradeCheck = 1250;
				TargetAttributes = {
					3255B06F2702FFFC00661182 = {
						CreatedOnToolsVersion = 12.5.1;
					};
				};
			};
			buildConfigurationList = 3255B06B2702FFFC00661182 /* Build configuration list for PBXProject "HomeWork10(UIImageAnimationTimers)" */;
			compatibilityVersion = "Xcode 9.3";
			developmentRegion = en;
			hasScannedForEncodings = 0;
			knownRegions = (
				en,
				Base,
			);
			mainGroup = 3255B0672702FFFC00661182;
			productRefGroup = 3255B0712702FFFC00661182 /* Products */;
			projectDirPath = "";
			projectRoot = "";
			targets = (
				3255B06F2702FFFC00661182 /* HomeWork10(UIImageAnimationTimers) */,
			);
		};
/* End PBXProject section */

/* Begin PBXResourcesBuildPhase section */
		3255B06E2702FFFC00661182 /* Resources */ = {
			isa = PBXResourcesBuildPhase;
			buildActionMask = 2147483647;
			files = (
				326E1E3C2726A07C004E99B5 /* Alert.xib in Resources */,
				3255B0802703000100661182 /* LaunchScreen.storyboard in Resources */,
				321832FB2717134900BD6C5C /* teddy-bear.ttf in Resources */,
				3255B07D2703000100661182 /* Assets.xcassets in Resources */,
				3255B07B2702FFFC00661182 /* Main.storyboard in Resources */,
				32EBB8F4273F194600BF4F60 /* TableViewCell.xib in Resources */,
				321832F82717134000BD6C5C /* lunch-time-normal2.ttf in Resources */,
				321832F6271712A800BD6C5C /* Ephesis-Regular.ttf in Resources */,
			);
			runOnlyForDeploymentPostprocessing = 0;
		};
/* End PBXResourcesBuildPhase section */

/* Begin PBXShellScriptBuildPhase section */
		10BD3568106821A2D51BF46A /* [CP] Check Pods Manifest.lock */ = {
			isa = PBXShellScriptBuildPhase;
			buildActionMask = 2147483647;
			files = (
			);
			inputFileListPaths = (
			);
			inputPaths = (
				"${PODS_PODFILE_DIR_PATH}/Podfile.lock",
				"${PODS_ROOT}/Manifest.lock",
			);
			name = "[CP] Check Pods Manifest.lock";
			outputFileListPaths = (
			);
			outputPaths = (
				"$(DERIVED_FILE_DIR)/Pods-HomeWork10(UIImageAnimationTimers)-checkManifestLockResult.txt",
			);
			runOnlyForDeploymentPostprocessing = 0;
			shellPath = /bin/sh;
			shellScript = "diff \"${PODS_PODFILE_DIR_PATH}/Podfile.lock\" \"${PODS_ROOT}/Manifest.lock\" > /dev/null\nif [ $? != 0 ] ; then\n    # print error to STDERR\n    echo \"error: The sandbox is not in sync with the Podfile.lock. Run 'pod install' or update your CocoaPods installation.\" >&2\n    exit 1\nfi\n# This output is used by Xcode 'outputs' to avoid re-running this script phase.\necho \"SUCCESS\" > \"${SCRIPT_OUTPUT_FILE_0}\"\n";
			showEnvVarsInLog = 0;
		};
		E6EEAFF56BDDCC8F7D6A2970 /* [CP] Embed Pods Frameworks */ = {
			isa = PBXShellScriptBuildPhase;
			buildActionMask = 2147483647;
			files = (
			);
			inputFileListPaths = (
				"${PODS_ROOT}/Target Support Files/Pods-HomeWork10(UIImageAnimationTimers)/Pods-HomeWork10(UIImageAnimationTimers)-frameworks-${CONFIGURATION}-input-files.xcfilelist",
			);
			name = "[CP] Embed Pods Frameworks";
			outputFileListPaths = (
				"${PODS_ROOT}/Target Support Files/Pods-HomeWork10(UIImageAnimationTimers)/Pods-HomeWork10(UIImageAnimationTimers)-frameworks-${CONFIGURATION}-output-files.xcfilelist",
			);
			runOnlyForDeploymentPostprocessing = 0;
			shellPath = /bin/sh;
			shellScript = "\"${PODS_ROOT}/Target Support Files/Pods-HomeWork10(UIImageAnimationTimers)/Pods-HomeWork10(UIImageAnimationTimers)-frameworks.sh\"\n";
			showEnvVarsInLog = 0;
		};
/* End PBXShellScriptBuildPhase section */

/* Begin PBXSourcesBuildPhase section */
		3255B06C2702FFFC00661182 /* Sources */ = {
			isa = PBXSourcesBuildPhase;
			buildActionMask = 2147483647;
			files = (
				323DD266273926FB000E6618 /* Animation.swift in Sources */,
				32E9BBB2272934140080193E /* LoginViewController.swift in Sources */,
				323DD26327391B01000E6618 /* MyImageViewCell.swift in Sources */,
				326E1E492726EC48004E99B5 /* ExtensionTextField.swift in Sources */,
				326E1E452726DEA7004E99B5 /* ExtensionBlur.swift in Sources */,
				322ABAF027386D8B00CCBF78 /* MyPhotoViewCell.swift in Sources */,
				32EBB8EE273E8BD200BF4F60 /* CommentViewController.swift in Sources */,
				32E9BBB52729F99E0080193E /* ExtensionTextView.swift in Sources */,
				322ABAEC2738496C00CCBF78 /* ExtensionShake.swift in Sources */,
				3255B0782702FFFC00661182 /* RunBall.swift in Sources */,
				32C29C4D274675AF00FB53F1 /* SwipeImageCell.swift in Sources */,
				32C29C1C274591E900FB53F1 /* MyViewController.swift in Sources */,
				3255B0742702FFFC00661182 /* AppDelegate.swift in Sources */,
				326E1E412726A326004E99B5 /* ExtensionAlert.swift in Sources */,
				322ABAF32738782700CCBF78 /* PhotoViewController.swift in Sources */,
				321832A827142E5B00BD6C5C /* ExtansionButton.swift in Sources */,
				3255B0762702FFFC00661182 /* SceneDelegate.swift in Sources */,
				323DD26827397409000E6618 /* Options.swift in Sources */,
				326E1E432726CEB4004E99B5 /* NIb.swift in Sources */,
				3255B08F2705E19C00661182 /* MainViewController.swift in Sources */,
				32E9BBB8272A8B980080193E /* RegisterViewController.swift in Sources */,
				32C29C1E2745924700FB53F1 /* CollectionViewCell.swift in Sources */,
				3254237F2709EBFF0044B032 /* GameOverViewController.swift in Sources */,
				32EBB8F3273F194600BF4F60 /* TableViewCell.swift in Sources */,
				32057B9E275D0D420062811A /* KeyValueStorage.swift in Sources */,
				3255B0942706CE1300661182 /* GameViewController.swift in Sources */,
				326E1E3F2726A0B8004E99B5 /* Alert.swift in Sources */,
				3255B08D2705104500661182 /* SwipeImage.swift in Sources */,
				32057BA1275D0D7E0062811A /* ProtectedStorage.swift in Sources */,
				323DD26427391B01000E6618 /* ImageViewController.swift in Sources */,
			);
			runOnlyForDeploymentPostprocessing = 0;
		};
/* End PBXSourcesBuildPhase section */

/* Begin PBXVariantGroup section */
		321832FA2717134000BD6C5C /* lunch-time-normal2.ttf */ = {
			isa = PBXVariantGroup;
			children = (
				321832F92717134000BD6C5C /* en */,
			);
			name = "lunch-time-normal2.ttf";
			sourceTree = "<group>";
		};
		3255B0792702FFFC00661182 /* Main.storyboard */ = {
			isa = PBXVariantGroup;
			children = (
				3255B07A2702FFFC00661182 /* Base */,
			);
			name = Main.storyboard;
			sourceTree = "<group>";
		};
		3255B07E2703000100661182 /* LaunchScreen.storyboard */ = {
			isa = PBXVariantGroup;
			children = (
				3255B07F2703000100661182 /* Base */,
			);
			name = LaunchScreen.storyboard;
			sourceTree = "<group>";
		};
/* End PBXVariantGroup section */

/* Begin XCBuildConfiguration section */
		3255B0822703000100661182 /* Debug */ = {
			isa = XCBuildConfiguration;
			buildSettings = {
				ALWAYS_SEARCH_USER_PATHS = NO;
				CLANG_ANALYZER_NONNULL = YES;
				CLANG_ANALYZER_NUMBER_OBJECT_CONVERSION = YES_AGGRESSIVE;
				CLANG_CXX_LANGUAGE_STANDARD = "gnu++14";
				CLANG_CXX_LIBRARY = "libc++";
				CLANG_ENABLE_MODULES = YES;
				CLANG_ENABLE_OBJC_ARC = YES;
				CLANG_ENABLE_OBJC_WEAK = YES;
				CLANG_WARN_BLOCK_CAPTURE_AUTORELEASING = YES;
				CLANG_WARN_BOOL_CONVERSION = YES;
				CLANG_WARN_COMMA = YES;
				CLANG_WARN_CONSTANT_CONVERSION = YES;
				CLANG_WARN_DEPRECATED_OBJC_IMPLEMENTATIONS = YES;
				CLANG_WARN_DIRECT_OBJC_ISA_USAGE = YES_ERROR;
				CLANG_WARN_DOCUMENTATION_COMMENTS = YES;
				CLANG_WARN_EMPTY_BODY = YES;
				CLANG_WARN_ENUM_CONVERSION = YES;
				CLANG_WARN_INFINITE_RECURSION = YES;
				CLANG_WARN_INT_CONVERSION = YES;
				CLANG_WARN_NON_LITERAL_NULL_CONVERSION = YES;
				CLANG_WARN_OBJC_IMPLICIT_RETAIN_SELF = YES;
				CLANG_WARN_OBJC_LITERAL_CONVERSION = YES;
				CLANG_WARN_OBJC_ROOT_CLASS = YES_ERROR;
				CLANG_WARN_QUOTED_INCLUDE_IN_FRAMEWORK_HEADER = YES;
				CLANG_WARN_RANGE_LOOP_ANALYSIS = YES;
				CLANG_WARN_STRICT_PROTOTYPES = YES;
				CLANG_WARN_SUSPICIOUS_MOVE = YES;
				CLANG_WARN_UNGUARDED_AVAILABILITY = YES_AGGRESSIVE;
				CLANG_WARN_UNREACHABLE_CODE = YES;
				CLANG_WARN__DUPLICATE_METHOD_MATCH = YES;
				COPY_PHASE_STRIP = NO;
				DEBUG_INFORMATION_FORMAT = dwarf;
				ENABLE_STRICT_OBJC_MSGSEND = YES;
				ENABLE_TESTABILITY = YES;
				GCC_C_LANGUAGE_STANDARD = gnu11;
				GCC_DYNAMIC_NO_PIC = NO;
				GCC_NO_COMMON_BLOCKS = YES;
				GCC_OPTIMIZATION_LEVEL = 0;
				GCC_PREPROCESSOR_DEFINITIONS = (
					"DEBUG=1",
					"$(inherited)",
				);
				GCC_WARN_64_TO_32_BIT_CONVERSION = YES;
				GCC_WARN_ABOUT_RETURN_TYPE = YES_ERROR;
				GCC_WARN_UNDECLARED_SELECTOR = YES;
				GCC_WARN_UNINITIALIZED_AUTOS = YES_AGGRESSIVE;
				GCC_WARN_UNUSED_FUNCTION = YES;
				GCC_WARN_UNUSED_VARIABLE = YES;
				IPHONEOS_DEPLOYMENT_TARGET = 14.5;
				MTL_ENABLE_DEBUG_INFO = INCLUDE_SOURCE;
				MTL_FAST_MATH = YES;
				ONLY_ACTIVE_ARCH = YES;
				SDKROOT = iphoneos;
				SWIFT_ACTIVE_COMPILATION_CONDITIONS = DEBUG;
				SWIFT_OPTIMIZATION_LEVEL = "-Onone";
			};
			name = Debug;
		};
		3255B0832703000100661182 /* Release */ = {
			isa = XCBuildConfiguration;
			buildSettings = {
				ALWAYS_SEARCH_USER_PATHS = NO;
				CLANG_ANALYZER_NONNULL = YES;
				CLANG_ANALYZER_NUMBER_OBJECT_CONVERSION = YES_AGGRESSIVE;
				CLANG_CXX_LANGUAGE_STANDARD = "gnu++14";
				CLANG_CXX_LIBRARY = "libc++";
				CLANG_ENABLE_MODULES = YES;
				CLANG_ENABLE_OBJC_ARC = YES;
				CLANG_ENABLE_OBJC_WEAK = YES;
				CLANG_WARN_BLOCK_CAPTURE_AUTORELEASING = YES;
				CLANG_WARN_BOOL_CONVERSION = YES;
				CLANG_WARN_COMMA = YES;
				CLANG_WARN_CONSTANT_CONVERSION = YES;
				CLANG_WARN_DEPRECATED_OBJC_IMPLEMENTATIONS = YES;
				CLANG_WARN_DIRECT_OBJC_ISA_USAGE = YES_ERROR;
				CLANG_WARN_DOCUMENTATION_COMMENTS = YES;
				CLANG_WARN_EMPTY_BODY = YES;
				CLANG_WARN_ENUM_CONVERSION = YES;
				CLANG_WARN_INFINITE_RECURSION = YES;
				CLANG_WARN_INT_CONVERSION = YES;
				CLANG_WARN_NON_LITERAL_NULL_CONVERSION = YES;
				CLANG_WARN_OBJC_IMPLICIT_RETAIN_SELF = YES;
				CLANG_WARN_OBJC_LITERAL_CONVERSION = YES;
				CLANG_WARN_OBJC_ROOT_CLASS = YES_ERROR;
				CLANG_WARN_QUOTED_INCLUDE_IN_FRAMEWORK_HEADER = YES;
				CLANG_WARN_RANGE_LOOP_ANALYSIS = YES;
				CLANG_WARN_STRICT_PROTOTYPES = YES;
				CLANG_WARN_SUSPICIOUS_MOVE = YES;
				CLANG_WARN_UNGUARDED_AVAILABILITY = YES_AGGRESSIVE;
				CLANG_WARN_UNREACHABLE_CODE = YES;
				CLANG_WARN__DUPLICATE_METHOD_MATCH = YES;
				COPY_PHASE_STRIP = NO;
				DEBUG_INFORMATION_FORMAT = "dwarf-with-dsym";
				ENABLE_NS_ASSERTIONS = NO;
				ENABLE_STRICT_OBJC_MSGSEND = YES;
				GCC_C_LANGUAGE_STANDARD = gnu11;
				GCC_NO_COMMON_BLOCKS = YES;
				GCC_WARN_64_TO_32_BIT_CONVERSION = YES;
				GCC_WARN_ABOUT_RETURN_TYPE = YES_ERROR;
				GCC_WARN_UNDECLARED_SELECTOR = YES;
				GCC_WARN_UNINITIALIZED_AUTOS = YES_AGGRESSIVE;
				GCC_WARN_UNUSED_FUNCTION = YES;
				GCC_WARN_UNUSED_VARIABLE = YES;
				IPHONEOS_DEPLOYMENT_TARGET = 14.5;
				MTL_ENABLE_DEBUG_INFO = NO;
				MTL_FAST_MATH = YES;
				SDKROOT = iphoneos;
				SWIFT_COMPILATION_MODE = wholemodule;
				SWIFT_OPTIMIZATION_LEVEL = "-O";
				VALIDATE_PRODUCT = YES;
			};
			name = Release;
		};
		3255B0852703000100661182 /* Debug */ = {
			isa = XCBuildConfiguration;
			baseConfigurationReference = 590B83DAE4E92D61A45D0A5E /* Pods-HomeWork10(UIImageAnimationTimers).debug.xcconfig */;
			buildSettings = {
				ASSETCATALOG_COMPILER_APPICON_NAME = AppIcon;
				ASSETCATALOG_COMPILER_GLOBAL_ACCENT_COLOR_NAME = AccentColor;
				CODE_SIGN_STYLE = Automatic;
				INFOPLIST_FILE = "HomeWork10(UIImageAnimationTimers)/Info.plist";
				LD_RUNPATH_SEARCH_PATHS = (
					"$(inherited)",
					"@executable_path/Frameworks",
				);
				PRODUCT_BUNDLE_IDENTIFIER = "test.HomeWork10-UIImageAnimationTimers-";
				PRODUCT_NAME = "$(TARGET_NAME)";
				SWIFT_VERSION = 5.0;
				TARGETED_DEVICE_FAMILY = "1,2";
			};
			name = Debug;
		};
		3255B0862703000100661182 /* Release */ = {
			isa = XCBuildConfiguration;
			baseConfigurationReference = 1ECE20F0898C155F638B0872 /* Pods-HomeWork10(UIImageAnimationTimers).release.xcconfig */;
			buildSettings = {
				ASSETCATALOG_COMPILER_APPICON_NAME = AppIcon;
				ASSETCATALOG_COMPILER_GLOBAL_ACCENT_COLOR_NAME = AccentColor;
				CODE_SIGN_STYLE = Automatic;
				INFOPLIST_FILE = "HomeWork10(UIImageAnimationTimers)/Info.plist";
				LD_RUNPATH_SEARCH_PATHS = (
					"$(inherited)",
					"@executable_path/Frameworks",
				);
				PRODUCT_BUNDLE_IDENTIFIER = "test.HomeWork10-UIImageAnimationTimers-";
				PRODUCT_NAME = "$(TARGET_NAME)";
				SWIFT_VERSION = 5.0;
				TARGETED_DEVICE_FAMILY = "1,2";
			};
			name = Release;
		};
/* End XCBuildConfiguration section */

/* Begin XCConfigurationList section */
		3255B06B2702FFFC00661182 /* Build configuration list for PBXProject "HomeWork10(UIImageAnimationTimers)" */ = {
			isa = XCConfigurationList;
			buildConfigurations = (
				3255B0822703000100661182 /* Debug */,
				3255B0832703000100661182 /* Release */,
			);
			defaultConfigurationIsVisible = 0;
			defaultConfigurationName = Release;
		};
		3255B0842703000100661182 /* Build configuration list for PBXNativeTarget "HomeWork10(UIImageAnimationTimers)" */ = {
			isa = XCConfigurationList;
			buildConfigurations = (
				3255B0852703000100661182 /* Debug */,
				3255B0862703000100661182 /* Release */,
			);
			defaultConfigurationIsVisible = 0;
			defaultConfigurationName = Release;
		};
/* End XCConfigurationList section */
	};
	rootObject = 3255B0682702FFFC00661182 /* Project object */;
}
